
Microsoft Visual Studio Solution File, Format Version 12.00
# Visual Studio Version 16
VisualStudioVersion = 16.0.30114.105
MinimumVisualStudioVersion = 10.0.40219.1
Project("{FAE04EC0-301F-11D3-BF4B-00C04F79EFBC}") = "Aqua.Api", "Aqua.Api\Aqua.Api.csproj", "{366CBD77-2029-40BB-88B3-A0C148E6093C}"
EndProject
Project("{FAE04EC0-301F-11D3-BF4B-00C04F79EFBC}") = "Aqua.Application", "Aqua.Application\Aqua.Application.csproj", "{DC4C3B00-885A-41B4-800D-F5B1F5C76776}"
EndProject
Project("{FAE04EC0-301F-11D3-BF4B-00C04F79EFBC}") = "Aqua.Domain", "Aqua.Domain\Aqua.Domain.csproj", "{AF234C28-BEF4-48B4-B6CF-23E475990144}"
EndProject
Project("{FAE04EC0-301F-11D3-BF4B-00C04F79EFBC}") = "Aqua.MongoDb", "Aqua.MongoDb\Aqua.MongoDb.csproj", "{057D490D-FE74-48AB-98FC-811B9D2199D0}"
EndProject
Project("{FAE04EC0-301F-11D3-BF4B-00C04F79EFBC}") = "Aqua.Web", "Aqua.Web\Aqua.Web.csproj", "{ED91C221-EB7E-4AD1-8331-716C8787B79E}"
EndProject
Project("{FAE04EC0-301F-11D3-BF4B-00C04F79EFBC}") = "Aqua.SqlServer", "Aqua.SqlServer\Aqua.SqlServer.csproj", "{6F0A994C-361E-4876-A3CE-82FCB3AF9082}"
EndProject
Project("{FAE04EC0-301F-11D3-BF4B-00C04F79EFBC}") = "Aqua.Domain.Sql", "Aqua.Domain.Sql\Aqua.Domain.Sql.csproj", "{7CA74CC5-DAE1-4A15-84FD-5765CB799F09}"
EndProject
Project("{FAE04EC0-301F-11D3-BF4B-00C04F79EFBC}") = "Aqua.Persistence", "Aqua.Persistence\Aqua.Persistence.csproj", "{36831B06-E392-470C-9E52-6E27B28910F8}"
EndProject
Project("{FAE04EC0-301F-11D3-BF4B-00C04F79EFBC}") = "Aqua.Copy", "Aqua.Copy\Aqua.Copy.csproj", "{C7AB3C32-73A3-4D54-8BE7-41ED8F620F07}"
EndProject
Global
	GlobalSection(SolutionConfigurationPlatforms) = preSolution
		Debug|Any CPU = Debug|Any CPU
		Release|Any CPU = Release|Any CPU
	EndGlobalSection
	GlobalSection(SolutionProperties) = preSolution
		HideSolutionNode = FALSE
	EndGlobalSection
	GlobalSection(ProjectConfigurationPlatforms) = postSolution
		{366CBD77-2029-40BB-88B3-A0C148E6093C}.Debug|Any CPU.ActiveCfg = Debug|Any CPU
		{366CBD77-2029-40BB-88B3-A0C148E6093C}.Debug|Any CPU.Build.0 = Debug|Any CPU
		{366CBD77-2029-40BB-88B3-A0C148E6093C}.Release|Any CPU.ActiveCfg = Release|Any CPU
		{366CBD77-2029-40BB-88B3-A0C148E6093C}.Release|Any CPU.Build.0 = Release|Any CPU
		{DC4C3B00-885A-41B4-800D-F5B1F5C76776}.Debug|Any CPU.ActiveCfg = Debug|Any CPU
		{DC4C3B00-885A-41B4-800D-F5B1F5C76776}.Debug|Any CPU.Build.0 = Debug|Any CPU
		{DC4C3B00-885A-41B4-800D-F5B1F5C76776}.Release|Any CPU.ActiveCfg = Release|Any CPU
		{DC4C3B00-885A-41B4-800D-F5B1F5C76776}.Release|Any CPU.Build.0 = Release|Any CPU
		{AF234C28-BEF4-48B4-B6CF-23E475990144}.Debug|Any CPU.ActiveCfg = Debug|Any CPU
		{AF234C28-BEF4-48B4-B6CF-23E475990144}.Debug|Any CPU.Build.0 = Debug|Any CPU
		{AF234C28-BEF4-48B4-B6CF-23E475990144}.Release|Any CPU.ActiveCfg = Release|Any CPU
		{AF234C28-BEF4-48B4-B6CF-23E475990144}.Release|Any CPU.Build.0 = Release|Any CPU
		{057D490D-FE74-48AB-98FC-811B9D2199D0}.Debug|Any CPU.ActiveCfg = Debug|Any CPU
		{057D490D-FE74-48AB-98FC-811B9D2199D0}.Debug|Any CPU.Build.0 = Debug|Any CPU
		{057D490D-FE74-48AB-98FC-811B9D2199D0}.Release|Any CPU.ActiveCfg = Release|Any CPU
		{057D490D-FE74-48AB-98FC-811B9D2199D0}.Release|Any CPU.Build.0 = Release|Any CPU
		{ED91C221-EB7E-4AD1-8331-716C8787B79E}.Debug|Any CPU.ActiveCfg = Debug|Any CPU
		{ED91C221-EB7E-4AD1-8331-716C8787B79E}.Debug|Any CPU.Build.0 = Debug|Any CPU
		{ED91C221-EB7E-4AD1-8331-716C8787B79E}.Release|Any CPU.ActiveCfg = Release|Any CPU
		{ED91C221-EB7E-4AD1-8331-716C8787B79E}.Release|Any CPU.Build.0 = Release|Any CPU
		{6F0A994C-361E-4876-A3CE-82FCB3AF9082}.Debug|Any CPU.ActiveCfg = Debug|Any CPU
		{6F0A994C-361E-4876-A3CE-82FCB3AF9082}.Debug|Any CPU.Build.0 = Debug|Any CPU
		{6F0A994C-361E-4876-A3CE-82FCB3AF9082}.Release|Any CPU.ActiveCfg = Release|Any CPU
		{6F0A994C-361E-4876-A3CE-82FCB3AF9082}.Release|Any CPU.Build.0 = Release|Any CPU
		{7CA74CC5-DAE1-4A15-84FD-5765CB799F09}.Debug|Any CPU.ActiveCfg = Debug|Any CPU
		{7CA74CC5-DAE1-4A15-84FD-5765CB799F09}.Debug|Any CPU.Build.0 = Debug|Any CPU
		{7CA74CC5-DAE1-4A15-84FD-5765CB799F09}.Release|Any CPU.ActiveCfg = Release|Any CPU
		{7CA74CC5-DAE1-4A15-84FD-5765CB799F09}.Release|Any CPU.Build.0 = Release|Any CPU
		{36831B06-E392-470C-9E52-6E27B28910F8}.Debug|Any CPU.ActiveCfg = Debug|Any CPU
		{36831B06-E392-470C-9E52-6E27B28910F8}.Debug|Any CPU.Build.0 = Debug|Any CPU
		{36831B06-E392-470C-9E52-6E27B28910F8}.Release|Any CPU.ActiveCfg = Release|Any CPU
		{36831B06-E392-470C-9E52-6E27B28910F8}.Release|Any CPU.Build.0 = Release|Any CPU
		{C7AB3C32-73A3-4D54-8BE7-41ED8F620F07}.Debug|Any CPU.ActiveCfg = Debug|Any CPU
		{C7AB3C32-73A3-4D54-8BE7-41ED8F620F07}.Debug|Any CPU.Build.0 = Debug|Any CPU
		{C7AB3C32-73A3-4D54-8BE7-41ED8F620F07}.Release|Any CPU.ActiveCfg = Release|Any CPU
		{C7AB3C32-73A3-4D54-8BE7-41ED8F620F07}.Release|Any CPU.Build.0 = Release|Any CPU
	EndGlobalSection
EndGlobal
